
Microsoft Visual Studio Solution File, Format Version 12.00
# Visual Studio Version 17
VisualStudioVersion = 17.9.34607.119
MinimumVisualStudioVersion = 10.0.40219.1
Project("{FAE04EC0-301F-11D3-BF4B-00C04F79EFBC}") = "AgeCalculator.cs", "AgeCalculator.cs.csproj", "{5DB6C508-7DE1-473F-9507-3EF23DCC63AD}"
EndProject
Global
	GlobalSection(SolutionConfigurationPlatforms) = preSolution
		Debug|Any CPU = Debug|Any CPU
		Release|Any CPU = Release|Any CPU
	EndGlobalSection
	GlobalSection(ProjectConfigurationPlatforms) = postSolution
		{5DB6C508-7DE1-473F-9507-3EF23DCC63AD}.Debug|Any CPU.ActiveCfg = Debug|Any CPU
		{5DB6C508-7DE1-473F-9507-3EF23DCC63AD}.Debug|Any CPU.Build.0 = Debug|Any CPU
		{5DB6C508-7DE1-473F-9507-3EF23DCC63AD}.Release|Any CPU.ActiveCfg = Release|Any CPU
		{5DB6C508-7DE1-473F-9507-3EF23DCC63AD}.Release|Any CPU.Build.0 = Release|Any CPU
	EndGlobalSection
	GlobalSection(SolutionProperties) = preSolution
		HideSolutionNode = FALSE
	EndGlobalSection
	GlobalSection(ExtensibilityGlobals) = postSolution
		SolutionGuid = {59A26D96-1C2C-4172-88BC-9202726ABE57}
	EndGlobalSection
EndGlobal
